
Microsoft Visual Studio Solution File, Format Version 12.00
# Visual Studio 15
VisualStudioVersion = 15.0.28307.421
MinimumVisualStudioVersion = 10.0.40219.1
Project("{FAE04EC0-301F-11D3-BF4B-00C04F79EFBC}") = "NHttpServer", "NHttpServer\NHttpServer.csproj", "{F3C51E66-45CA-4A88-B3B1-16FA770B93DA}"
EndProject
Global
	GlobalSection(SolutionConfigurationPlatforms) = preSolution
		Debug|Any CPU = Debug|Any CPU
		Release|Any CPU = Release|Any CPU
	EndGlobalSection
	GlobalSection(ProjectConfigurationPlatforms) = postSolution
		{F3C51E66-45CA-4A88-B3B1-16FA770B93DA}.Debug|Any CPU.ActiveCfg = Debug|Any CPU
		{F3C51E66-45CA-4A88-B3B1-16FA770B93DA}.Debug|Any CPU.Build.0 = Debug|Any CPU
		{F3C51E66-45CA-4A88-B3B1-16FA770B93DA}.Release|Any CPU.ActiveCfg = Release|Any CPU
		{F3C51E66-45CA-4A88-B3B1-16FA770B93DA}.Release|Any CPU.Build.0 = Release|Any CPU
	EndGlobalSection
	GlobalSection(SolutionProperties) = preSolution
		HideSolutionNode = FALSE
	EndGlobalSection
	GlobalSection(ExtensibilityGlobals) = postSolution
		SolutionGuid = {77DA1E80-B51E-4A46-AC85-F16DBA89AD4C}
	EndGlobalSection
EndGlobal
